
Microsoft Visual Studio Solution File, Format Version 12.00
Project("{FAE04EC0-301F-11D3-BF4B-00C04F79EFBC}") = "AparatLabs.Lab1", "AparatLabs.Lab1\AparatLabs.Lab1.csproj", "{46229935-4039-4611-9647-1AD2DBFFC356}"
EndProject
Project("{FAE04EC0-301F-11D3-BF4B-00C04F79EFBC}") = "AparatLabs.Lab2", "AparatLabs.Lab2\AparatLabs.Lab2.csproj", "{BB5931EF-9094-4646-8E11-D75DCBB5107F}"
EndProject
Project("{FAE04EC0-301F-11D3-BF4B-00C04F79EFBC}") = "AparatLabs.Lab3", "AparatLabs.Lab3\AparatLabs.Lab3.csproj", "{A8AC5691-F8F6-4515-B29B-2BAAC2EE3E4E}"
EndProject
Project("{FAE04EC0-301F-11D3-BF4B-00C04F79EFBC}") = "AparatLabs.Lab4", "AparatLabs.Lab4\AparatLabs.Lab4.csproj", "{36F419B6-F039-4C26-9B50-EE3C6EF508A3}"
EndProject
Project("{FAE04EC0-301F-11D3-BF4B-00C04F79EFBC}") = "AparatLabs.Lab5", "AparatLabs.Lab5\AparatLabs.Lab5.csproj", "{CCD18BFA-D15B-45CE-AFCF-C8FCBE2A38A2}"
EndProject
Global
	GlobalSection(SolutionConfigurationPlatforms) = preSolution
		Debug|Any CPU = Debug|Any CPU
		Release|Any CPU = Release|Any CPU
	EndGlobalSection
	GlobalSection(ProjectConfigurationPlatforms) = postSolution
		{46229935-4039-4611-9647-1AD2DBFFC356}.Debug|Any CPU.ActiveCfg = Debug|Any CPU
		{46229935-4039-4611-9647-1AD2DBFFC356}.Debug|Any CPU.Build.0 = Debug|Any CPU
		{46229935-4039-4611-9647-1AD2DBFFC356}.Release|Any CPU.ActiveCfg = Release|Any CPU
		{46229935-4039-4611-9647-1AD2DBFFC356}.Release|Any CPU.Build.0 = Release|Any CPU
		{BB5931EF-9094-4646-8E11-D75DCBB5107F}.Debug|Any CPU.ActiveCfg = Debug|Any CPU
		{BB5931EF-9094-4646-8E11-D75DCBB5107F}.Debug|Any CPU.Build.0 = Debug|Any CPU
		{BB5931EF-9094-4646-8E11-D75DCBB5107F}.Release|Any CPU.ActiveCfg = Release|Any CPU
		{BB5931EF-9094-4646-8E11-D75DCBB5107F}.Release|Any CPU.Build.0 = Release|Any CPU
		{A8AC5691-F8F6-4515-B29B-2BAAC2EE3E4E}.Debug|Any CPU.ActiveCfg = Debug|Any CPU
		{A8AC5691-F8F6-4515-B29B-2BAAC2EE3E4E}.Debug|Any CPU.Build.0 = Debug|Any CPU
		{A8AC5691-F8F6-4515-B29B-2BAAC2EE3E4E}.Release|Any CPU.ActiveCfg = Release|Any CPU
		{A8AC5691-F8F6-4515-B29B-2BAAC2EE3E4E}.Release|Any CPU.Build.0 = Release|Any CPU
		{36F419B6-F039-4C26-9B50-EE3C6EF508A3}.Debug|Any CPU.ActiveCfg = Debug|Any CPU
		{36F419B6-F039-4C26-9B50-EE3C6EF508A3}.Debug|Any CPU.Build.0 = Debug|Any CPU
		{36F419B6-F039-4C26-9B50-EE3C6EF508A3}.Release|Any CPU.ActiveCfg = Release|Any CPU
		{36F419B6-F039-4C26-9B50-EE3C6EF508A3}.Release|Any CPU.Build.0 = Release|Any CPU
		{CCD18BFA-D15B-45CE-AFCF-C8FCBE2A38A2}.Debug|Any CPU.ActiveCfg = Debug|Any CPU
		{CCD18BFA-D15B-45CE-AFCF-C8FCBE2A38A2}.Debug|Any CPU.Build.0 = Debug|Any CPU
		{CCD18BFA-D15B-45CE-AFCF-C8FCBE2A38A2}.Release|Any CPU.ActiveCfg = Release|Any CPU
		{CCD18BFA-D15B-45CE-AFCF-C8FCBE2A38A2}.Release|Any CPU.Build.0 = Release|Any CPU
	EndGlobalSection
EndGlobal
